Microsoft Visual Studio Solution File, Format Version 12.00
# Visual Studio Version 17
VisualStudioVersion = 17.5.2.0
MinimumVisualStudioVersion = 10.0.40219.1
Project("{FAE04EC0-301F-11D3-BF4B-00C04F79EFBC}") = "Aircraft", "Aircraft.csproj", "{1C3E090F-7F84-5127-3940-1D4A35B331DA}"
EndProject
Global
	GlobalSection(SolutionConfigurationPlatforms) = preSolution
		Debug|Any CPU = Debug|Any CPU
		Release|Any CPU = Release|Any CPU
	EndGlobalSection
	GlobalSection(ProjectConfigurationPlatforms) = postSolution
		{1C3E090F-7F84-5127-3940-1D4A35B331DA}.Debug|Any CPU.ActiveCfg = Debug|Any CPU
		{1C3E090F-7F84-5127-3940-1D4A35B331DA}.Debug|Any CPU.Build.0 = Debug|Any CPU
		{1C3E090F-7F84-5127-3940-1D4A35B331DA}.Release|Any CPU.ActiveCfg = Release|Any CPU
		{1C3E090F-7F84-5127-3940-1D4A35B331DA}.Release|Any CPU.Build.0 = Release|Any CPU
	EndGlobalSection
	GlobalSection(SolutionProperties) = preSolution
		HideSolutionNode = FALSE
	EndGlobalSection
	GlobalSection(ExtensibilityGlobals) = postSolution
		SolutionGuid = {062BD0E4-6FC6-40DD-B39B-2B0F9453578D}
	EndGlobalSection
EndGlobal
